
Microsoft Visual Studio Solution File, Format Version 12.00
# Visual Studio 15
VisualStudioVersion = 15.0.28010.2036
MinimumVisualStudioVersion = 10.0.40219.1
Project("{FAE04EC0-301F-11D3-BF4B-00C04F79EFBC}") = "EasyMarketingInUnityConsole", "EasyMarketingInUnityConsole\EasyMarketingInUnityConsole.csproj", "{C81C7B82-07AB-4A35-8B36-A0E96918C853}"
EndProject
Project("{FAE04EC0-301F-11D3-BF4B-00C04F79EFBC}") = "EasyMarketingInUnity", "EasyMarketingInUnity\EasyMarketingInUnity.csproj", "{DF4A0FB2-E105-41FA-9A8A-3BF1BE61B46D}"
EndProject
Project("{FAE04EC0-301F-11D3-BF4B-00C04F79EFBC}") = "KillProcess", "KillProcess\KillProcess.csproj", "{8A284A8C-53A6-4FD1-884C-3CDE4C99C921}"
EndProject
Project("{FAE04EC0-301F-11D3-BF4B-00C04F79EFBC}") = "CheckTCPConnections", "CheckTCPConnections\CheckTCPConnections.csproj", "{D18A4B0D-6B81-42FE-84CD-4135E6243C1E}"
EndProject
Global
	GlobalSection(SolutionConfigurationPlatforms) = preSolution
		Debug|Any CPU = Debug|Any CPU
		Release|Any CPU = Release|Any CPU
	EndGlobalSection
	GlobalSection(ProjectConfigurationPlatforms) = postSolution
		{C81C7B82-07AB-4A35-8B36-A0E96918C853}.Debug|Any CPU.ActiveCfg = Debug|Any CPU
		{C81C7B82-07AB-4A35-8B36-A0E96918C853}.Debug|Any CPU.Build.0 = Debug|Any CPU
		{C81C7B82-07AB-4A35-8B36-A0E96918C853}.Release|Any CPU.ActiveCfg = Release|Any CPU
		{C81C7B82-07AB-4A35-8B36-A0E96918C853}.Release|Any CPU.Build.0 = Release|Any CPU
		{DF4A0FB2-E105-41FA-9A8A-3BF1BE61B46D}.Debug|Any CPU.ActiveCfg = Debug|Any CPU
		{DF4A0FB2-E105-41FA-9A8A-3BF1BE61B46D}.Debug|Any CPU.Build.0 = Debug|Any CPU
		{DF4A0FB2-E105-41FA-9A8A-3BF1BE61B46D}.Release|Any CPU.ActiveCfg = Release|Any CPU
		{DF4A0FB2-E105-41FA-9A8A-3BF1BE61B46D}.Release|Any CPU.Build.0 = Release|Any CPU
		{8A284A8C-53A6-4FD1-884C-3CDE4C99C921}.Debug|Any CPU.ActiveCfg = Debug|Any CPU
		{8A284A8C-53A6-4FD1-884C-3CDE4C99C921}.Debug|Any CPU.Build.0 = Debug|Any CPU
		{8A284A8C-53A6-4FD1-884C-3CDE4C99C921}.Release|Any CPU.ActiveCfg = Release|Any CPU
		{8A284A8C-53A6-4FD1-884C-3CDE4C99C921}.Release|Any CPU.Build.0 = Release|Any CPU
		{D18A4B0D-6B81-42FE-84CD-4135E6243C1E}.Debug|Any CPU.ActiveCfg = Debug|Any CPU
		{D18A4B0D-6B81-42FE-84CD-4135E6243C1E}.Debug|Any CPU.Build.0 = Debug|Any CPU
		{D18A4B0D-6B81-42FE-84CD-4135E6243C1E}.Release|Any CPU.ActiveCfg = Release|Any CPU
		{D18A4B0D-6B81-42FE-84CD-4135E6243C1E}.Release|Any CPU.Build.0 = Release|Any CPU
	EndGlobalSection
	GlobalSection(SolutionProperties) = preSolution
		HideSolutionNode = FALSE
	EndGlobalSection
	GlobalSection(ExtensibilityGlobals) = postSolution
		SolutionGuid = {BDE62B1C-342E-4B3D-9276-8DA17BE701E9}
	EndGlobalSection
EndGlobal
